
Microsoft Visual Studio Solution File, Format Version 12.00
# Visual Studio Version 17
VisualStudioVersion = 17.0.31903.59
MinimumVisualStudioVersion = 10.0.40219.1
Project("{FAE04EC0-301F-11D3-BF4B-00C04F79EFBC}") = "ApiDocsService.Api", "ApiDocsService.Api\ApiDocsService.Api.csproj", "{274AA146-F60A-40C7-B428-72657732A93D}"
EndProject
Project("{FAE04EC0-301F-11D3-BF4B-00C04F79EFBC}") = "ApiDocsService.Core", "ApiDocsService.Core\ApiDocsService.Core.csproj", "{72375558-B0AA-451C-9C6E-E654799C8832}"
EndProject
Project("{FAE04EC0-301F-11D3-BF4B-00C04F79EFBC}") = "ApiDocsService.Tests", "ApiDocsService.Tests\ApiDocsService.Tests.csproj", "{2960D5BA-9C25-46B9-9BF5-34A51CAAAE38}"
EndProject
Global
	GlobalSection(SolutionConfigurationPlatforms) = preSolution
		Debug|Any CPU = Debug|Any CPU
		Release|Any CPU = Release|Any CPU
	EndGlobalSection
	GlobalSection(SolutionProperties) = preSolution
		HideSolutionNode = FALSE
	EndGlobalSection
	GlobalSection(ProjectConfigurationPlatforms) = postSolution
		{274AA146-F60A-40C7-B428-72657732A93D}.Debug|Any CPU.ActiveCfg = Debug|Any CPU
		{274AA146-F60A-40C7-B428-72657732A93D}.Debug|Any CPU.Build.0 = Debug|Any CPU
		{274AA146-F60A-40C7-B428-72657732A93D}.Release|Any CPU.ActiveCfg = Release|Any CPU
		{274AA146-F60A-40C7-B428-72657732A93D}.Release|Any CPU.Build.0 = Release|Any CPU
		{72375558-B0AA-451C-9C6E-E654799C8832}.Debug|Any CPU.ActiveCfg = Debug|Any CPU
		{72375558-B0AA-451C-9C6E-E654799C8832}.Debug|Any CPU.Build.0 = Debug|Any CPU
		{72375558-B0AA-451C-9C6E-E654799C8832}.Release|Any CPU.ActiveCfg = Release|Any CPU
		{72375558-B0AA-451C-9C6E-E654799C8832}.Release|Any CPU.Build.0 = Release|Any CPU
		{2960D5BA-9C25-46B9-9BF5-34A51CAAAE38}.Debug|Any CPU.ActiveCfg = Debug|Any CPU
		{2960D5BA-9C25-46B9-9BF5-34A51CAAAE38}.Debug|Any CPU.Build.0 = Debug|Any CPU
		{2960D5BA-9C25-46B9-9BF5-34A51CAAAE38}.Release|Any CPU.ActiveCfg = Release|Any CPU
		{2960D5BA-9C25-46B9-9BF5-34A51CAAAE38}.Release|Any CPU.Build.0 = Release|Any CPU
	EndGlobalSection
EndGlobal
