
Microsoft Visual Studio Solution File, Format Version 12.00
# Visual Studio Version 17
VisualStudioVersion = 17.0.31903.59
MinimumVisualStudioVersion = 10.0.40219.1

Project("{FAE04EC0-301F-11D3-BF4B-00C04F79EFBC}") = "FinanceService.Domain", "FinanceService.Domain\FinanceService.Domain.csproj", "{F1E1E1E1-1111-1111-1111-111111111111}"
EndProject
Project("{FAE04EC0-301F-11D3-BF4B-00C04F79EFBC}") = "FinanceService.Application", "FinanceService.Application\FinanceService.Application.csproj", "{F2E2E2E2-2222-2222-2222-222222222222}"
EndProject
Project("{FAE04EC0-301F-11D3-BF4B-00C04F79EFBC}") = "FinanceService.Infrastructure", "FinanceService.Infrastructure\FinanceService.Infrastructure.csproj", "{F3E3E3E3-3333-3333-3333-333333333333}"
EndProject
Project("{FAE04EC0-301F-11D3-BF4B-00C04F79EFBC}") = "FinanceService.Api", "FinanceService.Api\FinanceService.Api.csproj", "{F4E4E4E4-4444-4444-4444-444444444444}"
EndProject
Project("{FAE04EC0-301F-11D3-BF4B-00C04F79EFBC}") = "FinanceService.Tests", "FinanceService.Tests\FinanceService.Tests.csproj", "{F5E5E5E5-5555-5555-5555-555555555555}"
EndProject

Global
	GlobalSection(SolutionConfigurationPlatforms) = preSolution
		Debug|Any CPU = Debug|Any CPU
		Release|Any CPU = Release|Any CPU
	EndGlobalSection
	GlobalSection(ProjectConfigurationPlatforms) = postSolution
		{F1E1E1E1-1111-1111-1111-111111111111}.Debug|Any CPU.ActiveCfg = Debug|Any CPU
		{F1E1E1E1-1111-1111-1111-111111111111}.Debug|Any CPU.Build.0 = Debug|Any CPU
		{F1E1E1E1-1111-1111-1111-111111111111}.Release|Any CPU.ActiveCfg = Release|Any CPU
		{F1E1E1E1-1111-1111-1111-111111111111}.Release|Any CPU.Build.0 = Release|Any CPU
		{F2E2E2E2-2222-2222-2222-222222222222}.Debug|Any CPU.ActiveCfg = Debug|Any CPU
		{F2E2E2E2-2222-2222-2222-222222222222}.Debug|Any CPU.Build.0 = Debug|Any CPU
		{F2E2E2E2-2222-2222-2222-222222222222}.Release|Any CPU.ActiveCfg = Release|Any CPU
		{F2E2E2E2-2222-2222-2222-222222222222}.Release|Any CPU.Build.0 = Release|Any CPU
		{F3E3E3E3-3333-3333-3333-333333333333}.Debug|Any CPU.ActiveCfg = Debug|Any CPU
		{F3E3E3E3-3333-3333-3333-333333333333}.Debug|Any CPU.Build.0 = Debug|Any CPU
		{F3E3E3E3-3333-3333-3333-333333333333}.Release|Any CPU.ActiveCfg = Release|Any CPU
		{F3E3E3E3-3333-3333-3333-333333333333}.Release|Any CPU.Build.0 = Release|Any CPU
		{F4E4E4E4-4444-4444-4444-444444444444}.Debug|Any CPU.ActiveCfg = Debug|Any CPU
		{F4E4E4E4-4444-4444-4444-444444444444}.Debug|Any CPU.Build.0 = Debug|Any CPU
		{F4E4E4E4-4444-4444-4444-444444444444}.Release|Any CPU.ActiveCfg = Release|Any CPU
		{F4E4E4E4-4444-4444-4444-444444444444}.Release|Any CPU.Build.0 = Release|Any CPU
		{F5E5E5E5-5555-5555-5555-555555555555}.Debug|Any CPU.ActiveCfg = Debug|Any CPU
		{F5E5E5E5-5555-5555-5555-555555555555}.Debug|Any CPU.Build.0 = Debug|Any CPU
		{F5E5E5E5-5555-5555-5555-555555555555}.Release|Any CPU.ActiveCfg = Release|Any CPU
		{F5E5E5E5-5555-5555-5555-555555555555}.Release|Any CPU.Build.0 = Release|Any CPU
	EndGlobalSection
EndGlobal
