
Microsoft Visual Studio Solution File, Format Version 12.00
# Visual Studio Version 17
VisualStudioVersion = 17.0.31903.59
MinimumVisualStudioVersion = 10.0.40219.1
Project("{2150E333-8FDC-42A3-9474-1A3956D46DE8}") = "backend", "backend", "{957677C6-4F21-4301-94E1-FD688AA4FF8E}"
EndProject
Project("{2150E333-8FDC-42A3-9474-1A3956D46DE8}") = "_Tests", "_Tests", "{00B4023B-C0CD-4D47-862A-64A8CF904552}"
EndProject
Project("{FAE04EC0-301F-11D3-BF4B-00C04F79EFBC}") = "EventTrackingService.Tests", "backend\_Tests\EventTrackingService.Tests\EventTrackingService.Tests.csproj", "{0ABBBE12-B168-4E3E-A66D-5AEAE0FF0363}"
EndProject
Project("{FAE04EC0-301F-11D3-BF4B-00C04F79EFBC}") = "LeadScoringService.Tests", "backend\_Tests\LeadScoringService.Tests\LeadScoringService.Tests.csproj", "{A2F62388-8650-491F-9F4D-179E60FBD876}"
EndProject
Project("{FAE04EC0-301F-11D3-BF4B-00C04F79EFBC}") = "InventoryManagementService.Tests", "backend\_Tests\InventoryManagementService.Tests\InventoryManagementService.Tests.csproj", "{8561E350-1B6A-46FE-BF11-C64E871AD244}"
EndProject
Project("{FAE04EC0-301F-11D3-BF4B-00C04F79EFBC}") = "DealerManagementService.Tests", "backend\_Tests\DealerManagementService.Tests\DealerManagementService.Tests.csproj", "{35994A05-39BF-4E51-B9A6-4D06E5BF7D8C}"
EndProject
Project("{FAE04EC0-301F-11D3-BF4B-00C04F79EFBC}") = "PostgresDbService.Tests", "backend\_Tests\PostgresDbService.Tests\PostgresDbService.Tests.csproj", "{F6EDDABE-614E-4D96-AE80-9E27B98ADE3D}"
EndProject
Project("{FAE04EC0-301F-11D3-BF4B-00C04F79EFBC}") = "RecommendationService.Tests", "backend\_Tests\RecommendationService.Tests\RecommendationService.Tests.csproj", "{13F14B9B-4207-4EEB-B4A8-041E854BE162}"
EndProject
Project("{FAE04EC0-301F-11D3-BF4B-00C04F79EFBC}") = "ChatbotService.Tests", "backend\_Tests\ChatbotService.Tests\ChatbotService.Tests.csproj", "{2A79F693-2A89-4630-B731-1E8E0B7846B5}"
EndProject
Project("{FAE04EC0-301F-11D3-BF4B-00C04F79EFBC}") = "IntegrationTests", "backend\_Tests\IntegrationTests\IntegrationTests.csproj", "{0B26B47E-F5D5-4251-8B9F-06CC50700E41}"
EndProject
Project("{FAE04EC0-301F-11D3-BF4B-00C04F79EFBC}") = "FeatureStoreService.Tests", "backend\_Tests\FeatureStoreService.Tests\FeatureStoreService.Tests.csproj", "{786133B5-2EBD-4997-A46A-8CC74A6BCBDE}"
EndProject
Project("{FAE04EC0-301F-11D3-BF4B-00C04F79EFBC}") = "UserBehaviorService.Tests", "backend\_Tests\UserBehaviorService.Tests\UserBehaviorService.Tests.csproj", "{7574ABE6-E41B-4AC1-9B9E-31ABFB020BFA}"
EndProject
Project("{FAE04EC0-301F-11D3-BF4B-00C04F79EFBC}") = "VehicleIntelligenceService.Tests", "backend\_Tests\VehicleIntelligenceService.Tests\VehicleIntelligenceService.Tests.csproj", "{A8735977-F873-4C61-962E-06944DC292B1}"
EndProject
Project("{FAE04EC0-301F-11D3-BF4B-00C04F79EFBC}") = "ReviewService.Tests", "backend\_Tests\ReviewService.Tests\ReviewService.Tests.csproj", "{B8858E06-6DF3-4C3F-B836-D7C3FEC5160D}"
EndProject
Project("{FAE04EC0-301F-11D3-BF4B-00C04F79EFBC}") = "DealerAnalyticsService.Tests", "backend\_Tests\DealerAnalyticsService.Tests\DealerAnalyticsService.Tests.csproj", "{03EAC44B-7961-4D4E-90E4-1BAA37D77A66}"
EndProject
Project("{2150E333-8FDC-42A3-9474-1A3956D46DE8}") = "_Shared", "_Shared", "{780737A8-63F7-4A5B-A405-FB745E555FC9}"
EndProject
Project("{FAE04EC0-301F-11D3-BF4B-00C04F79EFBC}") = "CarDealer.Shared.FeatureFlags", "backend\_Shared\CarDealer.Shared.FeatureFlags\CarDealer.Shared.FeatureFlags.csproj", "{E9DFBD2A-CD86-4DE0-BFB8-4AB279EF4F60}"
EndProject
Project("{FAE04EC0-301F-11D3-BF4B-00C04F79EFBC}") = "CarDealer.Shared.Audit", "backend\_Shared\CarDealer.Shared.Audit\CarDealer.Shared.Audit.csproj", "{3F7A00BA-22D8-4433-B84B-5DC68ACE7211}"
EndProject
Project("{2150E333-8FDC-42A3-9474-1A3956D46DE8}") = "BackgroundRemovalService", "BackgroundRemovalService", "{53648FD5-0327-4314-8C2C-1C06138E5A2C}"
EndProject
Project("{FAE04EC0-301F-11D3-BF4B-00C04F79EFBC}") = "BackgroundRemovalService.Api", "backend\BackgroundRemovalService\BackgroundRemovalService.Api\BackgroundRemovalService.Api.csproj", "{A58A15AD-F3B3-4A90-B679-C7F45C6D8FF8}"
EndProject
Global
	GlobalSection(SolutionConfigurationPlatforms) = preSolution
		Debug|Any CPU = Debug|Any CPU
		Release|Any CPU = Release|Any CPU
	EndGlobalSection
	GlobalSection(SolutionProperties) = preSolution
		HideSolutionNode = FALSE
	EndGlobalSection
	GlobalSection(ProjectConfigurationPlatforms) = postSolution
		{0ABBBE12-B168-4E3E-A66D-5AEAE0FF0363}.Debug|Any CPU.ActiveCfg = Debug|Any CPU
		{0ABBBE12-B168-4E3E-A66D-5AEAE0FF0363}.Debug|Any CPU.Build.0 = Debug|Any CPU
		{0ABBBE12-B168-4E3E-A66D-5AEAE0FF0363}.Release|Any CPU.ActiveCfg = Release|Any CPU
		{0ABBBE12-B168-4E3E-A66D-5AEAE0FF0363}.Release|Any CPU.Build.0 = Release|Any CPU
		{A2F62388-8650-491F-9F4D-179E60FBD876}.Debug|Any CPU.ActiveCfg = Debug|Any CPU
		{A2F62388-8650-491F-9F4D-179E60FBD876}.Debug|Any CPU.Build.0 = Debug|Any CPU
		{A2F62388-8650-491F-9F4D-179E60FBD876}.Release|Any CPU.ActiveCfg = Release|Any CPU
		{A2F62388-8650-491F-9F4D-179E60FBD876}.Release|Any CPU.Build.0 = Release|Any CPU
		{8561E350-1B6A-46FE-BF11-C64E871AD244}.Debug|Any CPU.ActiveCfg = Debug|Any CPU
		{8561E350-1B6A-46FE-BF11-C64E871AD244}.Debug|Any CPU.Build.0 = Debug|Any CPU
		{8561E350-1B6A-46FE-BF11-C64E871AD244}.Release|Any CPU.ActiveCfg = Release|Any CPU
		{8561E350-1B6A-46FE-BF11-C64E871AD244}.Release|Any CPU.Build.0 = Release|Any CPU
		{35994A05-39BF-4E51-B9A6-4D06E5BF7D8C}.Debug|Any CPU.ActiveCfg = Debug|Any CPU
		{35994A05-39BF-4E51-B9A6-4D06E5BF7D8C}.Debug|Any CPU.Build.0 = Debug|Any CPU
		{35994A05-39BF-4E51-B9A6-4D06E5BF7D8C}.Release|Any CPU.ActiveCfg = Release|Any CPU
		{35994A05-39BF-4E51-B9A6-4D06E5BF7D8C}.Release|Any CPU.Build.0 = Release|Any CPU
		{F6EDDABE-614E-4D96-AE80-9E27B98ADE3D}.Debug|Any CPU.ActiveCfg = Debug|Any CPU
		{F6EDDABE-614E-4D96-AE80-9E27B98ADE3D}.Debug|Any CPU.Build.0 = Debug|Any CPU
		{F6EDDABE-614E-4D96-AE80-9E27B98ADE3D}.Release|Any CPU.ActiveCfg = Release|Any CPU
		{F6EDDABE-614E-4D96-AE80-9E27B98ADE3D}.Release|Any CPU.Build.0 = Release|Any CPU
		{13F14B9B-4207-4EEB-B4A8-041E854BE162}.Debug|Any CPU.ActiveCfg = Debug|Any CPU
		{13F14B9B-4207-4EEB-B4A8-041E854BE162}.Debug|Any CPU.Build.0 = Debug|Any CPU
		{13F14B9B-4207-4EEB-B4A8-041E854BE162}.Release|Any CPU.ActiveCfg = Release|Any CPU
		{13F14B9B-4207-4EEB-B4A8-041E854BE162}.Release|Any CPU.Build.0 = Release|Any CPU
		{2A79F693-2A89-4630-B731-1E8E0B7846B5}.Debug|Any CPU.ActiveCfg = Debug|Any CPU
		{2A79F693-2A89-4630-B731-1E8E0B7846B5}.Debug|Any CPU.Build.0 = Debug|Any CPU
		{2A79F693-2A89-4630-B731-1E8E0B7846B5}.Release|Any CPU.ActiveCfg = Release|Any CPU
		{2A79F693-2A89-4630-B731-1E8E0B7846B5}.Release|Any CPU.Build.0 = Release|Any CPU
		{0B26B47E-F5D5-4251-8B9F-06CC50700E41}.Debug|Any CPU.ActiveCfg = Debug|Any CPU
		{0B26B47E-F5D5-4251-8B9F-06CC50700E41}.Debug|Any CPU.Build.0 = Debug|Any CPU
		{0B26B47E-F5D5-4251-8B9F-06CC50700E41}.Release|Any CPU.ActiveCfg = Release|Any CPU
		{0B26B47E-F5D5-4251-8B9F-06CC50700E41}.Release|Any CPU.Build.0 = Release|Any CPU
		{786133B5-2EBD-4997-A46A-8CC74A6BCBDE}.Debug|Any CPU.ActiveCfg = Debug|Any CPU
		{786133B5-2EBD-4997-A46A-8CC74A6BCBDE}.Debug|Any CPU.Build.0 = Debug|Any CPU
		{786133B5-2EBD-4997-A46A-8CC74A6BCBDE}.Release|Any CPU.ActiveCfg = Release|Any CPU
		{786133B5-2EBD-4997-A46A-8CC74A6BCBDE}.Release|Any CPU.Build.0 = Release|Any CPU
		{7574ABE6-E41B-4AC1-9B9E-31ABFB020BFA}.Debug|Any CPU.ActiveCfg = Debug|Any CPU
		{7574ABE6-E41B-4AC1-9B9E-31ABFB020BFA}.Debug|Any CPU.Build.0 = Debug|Any CPU
		{7574ABE6-E41B-4AC1-9B9E-31ABFB020BFA}.Release|Any CPU.ActiveCfg = Release|Any CPU
		{7574ABE6-E41B-4AC1-9B9E-31ABFB020BFA}.Release|Any CPU.Build.0 = Release|Any CPU
		{A8735977-F873-4C61-962E-06944DC292B1}.Debug|Any CPU.ActiveCfg = Debug|Any CPU
		{A8735977-F873-4C61-962E-06944DC292B1}.Debug|Any CPU.Build.0 = Debug|Any CPU
		{A8735977-F873-4C61-962E-06944DC292B1}.Release|Any CPU.ActiveCfg = Release|Any CPU
		{A8735977-F873-4C61-962E-06944DC292B1}.Release|Any CPU.Build.0 = Release|Any CPU
		{B8858E06-6DF3-4C3F-B836-D7C3FEC5160D}.Debug|Any CPU.ActiveCfg = Debug|Any CPU
		{B8858E06-6DF3-4C3F-B836-D7C3FEC5160D}.Debug|Any CPU.Build.0 = Debug|Any CPU
		{B8858E06-6DF3-4C3F-B836-D7C3FEC5160D}.Release|Any CPU.ActiveCfg = Release|Any CPU
		{B8858E06-6DF3-4C3F-B836-D7C3FEC5160D}.Release|Any CPU.Build.0 = Release|Any CPU
		{03EAC44B-7961-4D4E-90E4-1BAA37D77A66}.Debug|Any CPU.ActiveCfg = Debug|Any CPU
		{03EAC44B-7961-4D4E-90E4-1BAA37D77A66}.Debug|Any CPU.Build.0 = Debug|Any CPU
		{03EAC44B-7961-4D4E-90E4-1BAA37D77A66}.Release|Any CPU.ActiveCfg = Release|Any CPU
		{03EAC44B-7961-4D4E-90E4-1BAA37D77A66}.Release|Any CPU.Build.0 = Release|Any CPU
		{E9DFBD2A-CD86-4DE0-BFB8-4AB279EF4F60}.Debug|Any CPU.ActiveCfg = Debug|Any CPU
		{E9DFBD2A-CD86-4DE0-BFB8-4AB279EF4F60}.Debug|Any CPU.Build.0 = Debug|Any CPU
		{E9DFBD2A-CD86-4DE0-BFB8-4AB279EF4F60}.Release|Any CPU.ActiveCfg = Release|Any CPU
		{E9DFBD2A-CD86-4DE0-BFB8-4AB279EF4F60}.Release|Any CPU.Build.0 = Release|Any CPU
		{3F7A00BA-22D8-4433-B84B-5DC68ACE7211}.Debug|Any CPU.ActiveCfg = Debug|Any CPU
		{3F7A00BA-22D8-4433-B84B-5DC68ACE7211}.Debug|Any CPU.Build.0 = Debug|Any CPU
		{3F7A00BA-22D8-4433-B84B-5DC68ACE7211}.Release|Any CPU.ActiveCfg = Release|Any CPU
		{3F7A00BA-22D8-4433-B84B-5DC68ACE7211}.Release|Any CPU.Build.0 = Release|Any CPU
		{A58A15AD-F3B3-4A90-B679-C7F45C6D8FF8}.Debug|Any CPU.ActiveCfg = Debug|Any CPU
		{A58A15AD-F3B3-4A90-B679-C7F45C6D8FF8}.Debug|Any CPU.Build.0 = Debug|Any CPU
		{A58A15AD-F3B3-4A90-B679-C7F45C6D8FF8}.Release|Any CPU.ActiveCfg = Release|Any CPU
		{A58A15AD-F3B3-4A90-B679-C7F45C6D8FF8}.Release|Any CPU.Build.0 = Release|Any CPU
	EndGlobalSection
	GlobalSection(NestedProjects) = preSolution
		{00B4023B-C0CD-4D47-862A-64A8CF904552} = {957677C6-4F21-4301-94E1-FD688AA4FF8E}
		{0ABBBE12-B168-4E3E-A66D-5AEAE0FF0363} = {00B4023B-C0CD-4D47-862A-64A8CF904552}
		{A2F62388-8650-491F-9F4D-179E60FBD876} = {00B4023B-C0CD-4D47-862A-64A8CF904552}
		{8561E350-1B6A-46FE-BF11-C64E871AD244} = {00B4023B-C0CD-4D47-862A-64A8CF904552}
		{35994A05-39BF-4E51-B9A6-4D06E5BF7D8C} = {00B4023B-C0CD-4D47-862A-64A8CF904552}
		{F6EDDABE-614E-4D96-AE80-9E27B98ADE3D} = {00B4023B-C0CD-4D47-862A-64A8CF904552}
		{13F14B9B-4207-4EEB-B4A8-041E854BE162} = {00B4023B-C0CD-4D47-862A-64A8CF904552}
		{2A79F693-2A89-4630-B731-1E8E0B7846B5} = {00B4023B-C0CD-4D47-862A-64A8CF904552}
		{0B26B47E-F5D5-4251-8B9F-06CC50700E41} = {00B4023B-C0CD-4D47-862A-64A8CF904552}
		{786133B5-2EBD-4997-A46A-8CC74A6BCBDE} = {00B4023B-C0CD-4D47-862A-64A8CF904552}
		{7574ABE6-E41B-4AC1-9B9E-31ABFB020BFA} = {00B4023B-C0CD-4D47-862A-64A8CF904552}
		{A8735977-F873-4C61-962E-06944DC292B1} = {00B4023B-C0CD-4D47-862A-64A8CF904552}
		{B8858E06-6DF3-4C3F-B836-D7C3FEC5160D} = {00B4023B-C0CD-4D47-862A-64A8CF904552}
		{03EAC44B-7961-4D4E-90E4-1BAA37D77A66} = {00B4023B-C0CD-4D47-862A-64A8CF904552}
		{780737A8-63F7-4A5B-A405-FB745E555FC9} = {957677C6-4F21-4301-94E1-FD688AA4FF8E}
		{E9DFBD2A-CD86-4DE0-BFB8-4AB279EF4F60} = {780737A8-63F7-4A5B-A405-FB745E555FC9}
		{3F7A00BA-22D8-4433-B84B-5DC68ACE7211} = {780737A8-63F7-4A5B-A405-FB745E555FC9}
		{53648FD5-0327-4314-8C2C-1C06138E5A2C} = {957677C6-4F21-4301-94E1-FD688AA4FF8E}
		{A58A15AD-F3B3-4A90-B679-C7F45C6D8FF8} = {53648FD5-0327-4314-8C2C-1C06138E5A2C}
	EndGlobalSection
EndGlobal
