
Microsoft Visual Studio Solution File, Format Version 12.00
# Visual Studio Version 17
VisualStudioVersion = 17.0.31903.59
MinimumVisualStudioVersion = 10.0.40219.1
Project("{2150E333-8FDC-42A3-9474-1A3956D46DE8}") = "ServiceDiscovery", "ServiceDiscovery", "{A269900A-305D-4913-8A30-20A1CDFAF986}"
EndProject
Project("{FAE04EC0-301F-11D3-BF4B-00C04F79EFBC}") = "ServiceDiscovery.Api", "ServiceDiscovery.Api\ServiceDiscovery.Api.csproj", "{77B5BA1C-DE68-4E00-BE18-EFF165884E70}"
EndProject
Project("{FAE04EC0-301F-11D3-BF4B-00C04F79EFBC}") = "ServiceDiscovery.Application", "ServiceDiscovery.Application\ServiceDiscovery.Application.csproj", "{9C8D0A63-FCF0-4D30-973B-A41972A48239}"
EndProject
Project("{FAE04EC0-301F-11D3-BF4B-00C04F79EFBC}") = "ServiceDiscovery.Domain", "ServiceDiscovery.Domain\ServiceDiscovery.Domain.csproj", "{68EF0CA8-37B1-4B24-9761-9580AEB2C8ED}"
EndProject
Project("{FAE04EC0-301F-11D3-BF4B-00C04F79EFBC}") = "ServiceDiscovery.Infrastructure", "ServiceDiscovery.Infrastructure\ServiceDiscovery.Infrastructure.csproj", "{9DA42798-5FCB-463A-BB6F-7F5827A27DD0}"
EndProject
Project("{FAE04EC0-301F-11D3-BF4B-00C04F79EFBC}") = "ServiceDiscovery.Tests", "ServiceDiscovery.Tests\ServiceDiscovery.Tests.csproj", "{ECFC608E-E23A-4F9D-9EA3-ADF4E82AFD0C}"
EndProject
Global
	GlobalSection(SolutionConfigurationPlatforms) = preSolution
		Debug|Any CPU = Debug|Any CPU
		Release|Any CPU = Release|Any CPU
	EndGlobalSection
	GlobalSection(SolutionProperties) = preSolution
		HideSolutionNode = FALSE
	EndGlobalSection
	GlobalSection(ProjectConfigurationPlatforms) = postSolution
		{77B5BA1C-DE68-4E00-BE18-EFF165884E70}.Debug|Any CPU.ActiveCfg = Debug|Any CPU
		{77B5BA1C-DE68-4E00-BE18-EFF165884E70}.Debug|Any CPU.Build.0 = Debug|Any CPU
		{77B5BA1C-DE68-4E00-BE18-EFF165884E70}.Release|Any CPU.ActiveCfg = Release|Any CPU
		{77B5BA1C-DE68-4E00-BE18-EFF165884E70}.Release|Any CPU.Build.0 = Release|Any CPU
		{9C8D0A63-FCF0-4D30-973B-A41972A48239}.Debug|Any CPU.ActiveCfg = Debug|Any CPU
		{9C8D0A63-FCF0-4D30-973B-A41972A48239}.Debug|Any CPU.Build.0 = Debug|Any CPU
		{9C8D0A63-FCF0-4D30-973B-A41972A48239}.Release|Any CPU.ActiveCfg = Release|Any CPU
		{9C8D0A63-FCF0-4D30-973B-A41972A48239}.Release|Any CPU.Build.0 = Release|Any CPU
		{68EF0CA8-37B1-4B24-9761-9580AEB2C8ED}.Debug|Any CPU.ActiveCfg = Debug|Any CPU
		{68EF0CA8-37B1-4B24-9761-9580AEB2C8ED}.Debug|Any CPU.Build.0 = Debug|Any CPU
		{68EF0CA8-37B1-4B24-9761-9580AEB2C8ED}.Release|Any CPU.ActiveCfg = Release|Any CPU
		{68EF0CA8-37B1-4B24-9761-9580AEB2C8ED}.Release|Any CPU.Build.0 = Release|Any CPU
		{9DA42798-5FCB-463A-BB6F-7F5827A27DD0}.Debug|Any CPU.ActiveCfg = Debug|Any CPU
		{9DA42798-5FCB-463A-BB6F-7F5827A27DD0}.Debug|Any CPU.Build.0 = Debug|Any CPU
		{9DA42798-5FCB-463A-BB6F-7F5827A27DD0}.Release|Any CPU.ActiveCfg = Release|Any CPU
		{9DA42798-5FCB-463A-BB6F-7F5827A27DD0}.Release|Any CPU.Build.0 = Release|Any CPU
		{ECFC608E-E23A-4F9D-9EA3-ADF4E82AFD0C}.Debug|Any CPU.ActiveCfg = Debug|Any CPU
		{ECFC608E-E23A-4F9D-9EA3-ADF4E82AFD0C}.Debug|Any CPU.Build.0 = Debug|Any CPU
		{ECFC608E-E23A-4F9D-9EA3-ADF4E82AFD0C}.Release|Any CPU.ActiveCfg = Release|Any CPU
		{ECFC608E-E23A-4F9D-9EA3-ADF4E82AFD0C}.Release|Any CPU.Build.0 = Release|Any CPU
	EndGlobalSection
	GlobalSection(NestedProjects) = preSolution
		{77B5BA1C-DE68-4E00-BE18-EFF165884E70} = {A269900A-305D-4913-8A30-20A1CDFAF986}
		{9C8D0A63-FCF0-4D30-973B-A41972A48239} = {A269900A-305D-4913-8A30-20A1CDFAF986}
		{68EF0CA8-37B1-4B24-9761-9580AEB2C8ED} = {A269900A-305D-4913-8A30-20A1CDFAF986}
		{9DA42798-5FCB-463A-BB6F-7F5827A27DD0} = {A269900A-305D-4913-8A30-20A1CDFAF986}
		{ECFC608E-E23A-4F9D-9EA3-ADF4E82AFD0C} = {A269900A-305D-4913-8A30-20A1CDFAF986}
	EndGlobalSection
EndGlobal
