
Microsoft Visual Studio Solution File, Format Version 12.00
# Visual Studio Version 17
VisualStudioVersion = 17.0.31903.59
MinimumVisualStudioVersion = 10.0.40219.1
Project("{FAE04EC0-301F-11D3-BF4B-00C04F79EFBC}") = "DealerManagementService.Api", "DealerManagementService.Api\DealerManagementService.Api.csproj", "{A89CC4B0-DC40-47EF-9978-CA88CFE3274E}"
EndProject
Project("{FAE04EC0-301F-11D3-BF4B-00C04F79EFBC}") = "DealerManagementService.Application", "DealerManagementService.Application\DealerManagementService.Application.csproj", "{91FC5DFC-68B4-40F7-A5DC-BF886E4743F6}"
EndProject
Project("{FAE04EC0-301F-11D3-BF4B-00C04F79EFBC}") = "DealerManagementService.Domain", "DealerManagementService.Domain\DealerManagementService.Domain.csproj", "{1186311A-1658-4A26-AB37-C0153BE4E48E}"
EndProject
Project("{FAE04EC0-301F-11D3-BF4B-00C04F79EFBC}") = "DealerManagementService.Infrastructure", "DealerManagementService.Infrastructure\DealerManagementService.Infrastructure.csproj", "{AEAAF9A2-1861-45DD-8DF1-44D854061B3A}"
EndProject
Project("{FAE04EC0-301F-11D3-BF4B-00C04F79EFBC}") = "CarDealer.Contracts", "..\_Shared\CarDealer.Contracts\CarDealer.Contracts.csproj", "{8855FE30-381A-48E4-9725-7CCC89218F21}"
EndProject
Project("{FAE04EC0-301F-11D3-BF4B-00C04F79EFBC}") = "CarDealer.Shared", "..\_Shared\CarDealer.Shared\CarDealer.Shared.csproj", "{1675F361-41F1-4F42-BBEB-8424E1D90495}"
EndProject
Global
	GlobalSection(SolutionConfigurationPlatforms) = preSolution
		Debug|Any CPU = Debug|Any CPU
		Release|Any CPU = Release|Any CPU
	EndGlobalSection
	GlobalSection(SolutionProperties) = preSolution
		HideSolutionNode = FALSE
	EndGlobalSection
	GlobalSection(ProjectConfigurationPlatforms) = postSolution
		{A89CC4B0-DC40-47EF-9978-CA88CFE3274E}.Debug|Any CPU.ActiveCfg = Debug|Any CPU
		{A89CC4B0-DC40-47EF-9978-CA88CFE3274E}.Debug|Any CPU.Build.0 = Debug|Any CPU
		{A89CC4B0-DC40-47EF-9978-CA88CFE3274E}.Release|Any CPU.ActiveCfg = Release|Any CPU
		{A89CC4B0-DC40-47EF-9978-CA88CFE3274E}.Release|Any CPU.Build.0 = Release|Any CPU
		{91FC5DFC-68B4-40F7-A5DC-BF886E4743F6}.Debug|Any CPU.ActiveCfg = Debug|Any CPU
		{91FC5DFC-68B4-40F7-A5DC-BF886E4743F6}.Debug|Any CPU.Build.0 = Debug|Any CPU
		{91FC5DFC-68B4-40F7-A5DC-BF886E4743F6}.Release|Any CPU.ActiveCfg = Release|Any CPU
		{91FC5DFC-68B4-40F7-A5DC-BF886E4743F6}.Release|Any CPU.Build.0 = Release|Any CPU
		{1186311A-1658-4A26-AB37-C0153BE4E48E}.Debug|Any CPU.ActiveCfg = Debug|Any CPU
		{1186311A-1658-4A26-AB37-C0153BE4E48E}.Debug|Any CPU.Build.0 = Debug|Any CPU
		{1186311A-1658-4A26-AB37-C0153BE4E48E}.Release|Any CPU.ActiveCfg = Release|Any CPU
		{1186311A-1658-4A26-AB37-C0153BE4E48E}.Release|Any CPU.Build.0 = Release|Any CPU
		{AEAAF9A2-1861-45DD-8DF1-44D854061B3A}.Debug|Any CPU.ActiveCfg = Debug|Any CPU
		{AEAAF9A2-1861-45DD-8DF1-44D854061B3A}.Debug|Any CPU.Build.0 = Debug|Any CPU
		{AEAAF9A2-1861-45DD-8DF1-44D854061B3A}.Release|Any CPU.ActiveCfg = Release|Any CPU
		{AEAAF9A2-1861-45DD-8DF1-44D854061B3A}.Release|Any CPU.Build.0 = Release|Any CPU
		{8855FE30-381A-48E4-9725-7CCC89218F21}.Debug|Any CPU.ActiveCfg = Debug|Any CPU
		{8855FE30-381A-48E4-9725-7CCC89218F21}.Debug|Any CPU.Build.0 = Debug|Any CPU
		{8855FE30-381A-48E4-9725-7CCC89218F21}.Release|Any CPU.ActiveCfg = Release|Any CPU
		{8855FE30-381A-48E4-9725-7CCC89218F21}.Release|Any CPU.Build.0 = Release|Any CPU
		{1675F361-41F1-4F42-BBEB-8424E1D90495}.Debug|Any CPU.ActiveCfg = Debug|Any CPU
		{1675F361-41F1-4F42-BBEB-8424E1D90495}.Debug|Any CPU.Build.0 = Debug|Any CPU
		{1675F361-41F1-4F42-BBEB-8424E1D90495}.Release|Any CPU.ActiveCfg = Release|Any CPU
		{1675F361-41F1-4F42-BBEB-8424E1D90495}.Release|Any CPU.Build.0 = Release|Any CPU
	EndGlobalSection
EndGlobal
