
Microsoft Visual Studio Solution File, Format Version 12.00
# Visual Studio Version 17
VisualStudioVersion = 17.0.31903.59
MinimumVisualStudioVersion = 10.0.40219.1
Project("{FAE04EC0-301F-11D3-BF4B-00C04F79EFBC}") = "RateLimitingService.Api", "RateLimitingService.Api\RateLimitingService.Api.csproj", "{AED6302A-CFFB-447E-8548-E878800CB5BE}"
EndProject
Project("{FAE04EC0-301F-11D3-BF4B-00C04F79EFBC}") = "RateLimitingService.Core", "RateLimitingService.Core\RateLimitingService.Core.csproj", "{453D9C42-61D9-48BA-8850-91D20B219E17}"
EndProject
Project("{FAE04EC0-301F-11D3-BF4B-00C04F79EFBC}") = "RateLimitingService.Infrastructure", "RateLimitingService.Infrastructure\RateLimitingService.Infrastructure.csproj", "{524584E6-440F-4424-9416-1EC923D309D0}"
EndProject
Project("{FAE04EC0-301F-11D3-BF4B-00C04F79EFBC}") = "RateLimitingService.Tests", "RateLimitingService.Tests\RateLimitingService.Tests.csproj", "{29F31F5C-E579-494F-AB5E-A98D153C6598}"
EndProject
Global
	GlobalSection(SolutionConfigurationPlatforms) = preSolution
		Debug|Any CPU = Debug|Any CPU
		Release|Any CPU = Release|Any CPU
	EndGlobalSection
	GlobalSection(SolutionProperties) = preSolution
		HideSolutionNode = FALSE
	EndGlobalSection
	GlobalSection(ProjectConfigurationPlatforms) = postSolution
		{AED6302A-CFFB-447E-8548-E878800CB5BE}.Debug|Any CPU.ActiveCfg = Debug|Any CPU
		{AED6302A-CFFB-447E-8548-E878800CB5BE}.Debug|Any CPU.Build.0 = Debug|Any CPU
		{AED6302A-CFFB-447E-8548-E878800CB5BE}.Release|Any CPU.ActiveCfg = Release|Any CPU
		{AED6302A-CFFB-447E-8548-E878800CB5BE}.Release|Any CPU.Build.0 = Release|Any CPU
		{453D9C42-61D9-48BA-8850-91D20B219E17}.Debug|Any CPU.ActiveCfg = Debug|Any CPU
		{453D9C42-61D9-48BA-8850-91D20B219E17}.Debug|Any CPU.Build.0 = Debug|Any CPU
		{453D9C42-61D9-48BA-8850-91D20B219E17}.Release|Any CPU.ActiveCfg = Release|Any CPU
		{453D9C42-61D9-48BA-8850-91D20B219E17}.Release|Any CPU.Build.0 = Release|Any CPU
		{524584E6-440F-4424-9416-1EC923D309D0}.Debug|Any CPU.ActiveCfg = Debug|Any CPU
		{524584E6-440F-4424-9416-1EC923D309D0}.Debug|Any CPU.Build.0 = Debug|Any CPU
		{524584E6-440F-4424-9416-1EC923D309D0}.Release|Any CPU.ActiveCfg = Release|Any CPU
		{524584E6-440F-4424-9416-1EC923D309D0}.Release|Any CPU.Build.0 = Release|Any CPU
		{29F31F5C-E579-494F-AB5E-A98D153C6598}.Debug|Any CPU.ActiveCfg = Debug|Any CPU
		{29F31F5C-E579-494F-AB5E-A98D153C6598}.Debug|Any CPU.Build.0 = Debug|Any CPU
		{29F31F5C-E579-494F-AB5E-A98D153C6598}.Release|Any CPU.ActiveCfg = Release|Any CPU
		{29F31F5C-E579-494F-AB5E-A98D153C6598}.Release|Any CPU.Build.0 = Release|Any CPU
	EndGlobalSection
EndGlobal
