
Microsoft Visual Studio Solution File, Format Version 12.00
# Visual Studio Version 17
VisualStudioVersion = 17.0.31903.59
MinimumVisualStudioVersion = 10.0.40219.1
Project("{2150E333-8FDC-42A3-9474-1A3956D46DE8}") = "LoggingService", "LoggingService", "{DD9A4D5E-7401-4C0C-8D36-F36AF752C949}"
EndProject
Project("{FAE04EC0-301F-11D3-BF4B-00C04F79EFBC}") = "LoggingService.Domain", "LoggingService.Domain\LoggingService.Domain.csproj", "{DB2820FB-5F49-472E-97D1-F5D208906479}"
EndProject
Project("{FAE04EC0-301F-11D3-BF4B-00C04F79EFBC}") = "LoggingService.Application", "LoggingService.Application\LoggingService.Application.csproj", "{9DC12649-4A95-4F06-B8F6-090672E7EC9B}"
EndProject
Project("{FAE04EC0-301F-11D3-BF4B-00C04F79EFBC}") = "LoggingService.Infrastructure", "LoggingService.Infrastructure\LoggingService.Infrastructure.csproj", "{F6C7FFF8-A8BD-4B14-AEDD-AEBED2BD3D3C}"
EndProject
Project("{FAE04EC0-301F-11D3-BF4B-00C04F79EFBC}") = "LoggingService.Api", "LoggingService.Api\LoggingService.Api.csproj", "{FEED3C81-20AF-4F9C-A7D5-EC583BB92F95}"
EndProject
Project("{FAE04EC0-301F-11D3-BF4B-00C04F79EFBC}") = "LoggingService.Tests", "LoggingService.Tests\LoggingService.Tests.csproj", "{B7689528-1E7A-404E-A316-E81264BD500F}"
EndProject
Project("{FAE04EC0-301F-11D3-BF4B-00C04F79EFBC}") = "LoggingService.IntegrationTests", "LoggingService.IntegrationTests\LoggingService.IntegrationTests.csproj", "{D03B04FB-DE60-498D-9158-375950F66F27}"
EndProject
Global
	GlobalSection(SolutionConfigurationPlatforms) = preSolution
		Debug|Any CPU = Debug|Any CPU
		Release|Any CPU = Release|Any CPU
	EndGlobalSection
	GlobalSection(SolutionProperties) = preSolution
		HideSolutionNode = FALSE
	EndGlobalSection
	GlobalSection(ProjectConfigurationPlatforms) = postSolution
		{DB2820FB-5F49-472E-97D1-F5D208906479}.Debug|Any CPU.ActiveCfg = Debug|Any CPU
		{DB2820FB-5F49-472E-97D1-F5D208906479}.Debug|Any CPU.Build.0 = Debug|Any CPU
		{DB2820FB-5F49-472E-97D1-F5D208906479}.Release|Any CPU.ActiveCfg = Release|Any CPU
		{DB2820FB-5F49-472E-97D1-F5D208906479}.Release|Any CPU.Build.0 = Release|Any CPU
		{9DC12649-4A95-4F06-B8F6-090672E7EC9B}.Debug|Any CPU.ActiveCfg = Debug|Any CPU
		{9DC12649-4A95-4F06-B8F6-090672E7EC9B}.Debug|Any CPU.Build.0 = Debug|Any CPU
		{9DC12649-4A95-4F06-B8F6-090672E7EC9B}.Release|Any CPU.ActiveCfg = Release|Any CPU
		{9DC12649-4A95-4F06-B8F6-090672E7EC9B}.Release|Any CPU.Build.0 = Release|Any CPU
		{F6C7FFF8-A8BD-4B14-AEDD-AEBED2BD3D3C}.Debug|Any CPU.ActiveCfg = Debug|Any CPU
		{F6C7FFF8-A8BD-4B14-AEDD-AEBED2BD3D3C}.Debug|Any CPU.Build.0 = Debug|Any CPU
		{F6C7FFF8-A8BD-4B14-AEDD-AEBED2BD3D3C}.Release|Any CPU.ActiveCfg = Release|Any CPU
		{F6C7FFF8-A8BD-4B14-AEDD-AEBED2BD3D3C}.Release|Any CPU.Build.0 = Release|Any CPU
		{FEED3C81-20AF-4F9C-A7D5-EC583BB92F95}.Debug|Any CPU.ActiveCfg = Debug|Any CPU
		{FEED3C81-20AF-4F9C-A7D5-EC583BB92F95}.Debug|Any CPU.Build.0 = Debug|Any CPU
		{FEED3C81-20AF-4F9C-A7D5-EC583BB92F95}.Release|Any CPU.ActiveCfg = Release|Any CPU
		{FEED3C81-20AF-4F9C-A7D5-EC583BB92F95}.Release|Any CPU.Build.0 = Release|Any CPU
		{B7689528-1E7A-404E-A316-E81264BD500F}.Debug|Any CPU.ActiveCfg = Debug|Any CPU
		{B7689528-1E7A-404E-A316-E81264BD500F}.Debug|Any CPU.Build.0 = Debug|Any CPU
		{B7689528-1E7A-404E-A316-E81264BD500F}.Release|Any CPU.ActiveCfg = Release|Any CPU
		{B7689528-1E7A-404E-A316-E81264BD500F}.Release|Any CPU.Build.0 = Release|Any CPU
		{D03B04FB-DE60-498D-9158-375950F66F27}.Debug|Any CPU.ActiveCfg = Debug|Any CPU
		{D03B04FB-DE60-498D-9158-375950F66F27}.Debug|Any CPU.Build.0 = Debug|Any CPU
		{D03B04FB-DE60-498D-9158-375950F66F27}.Release|Any CPU.ActiveCfg = Release|Any CPU
		{D03B04FB-DE60-498D-9158-375950F66F27}.Release|Any CPU.Build.0 = Release|Any CPU
	EndGlobalSection
	GlobalSection(NestedProjects) = preSolution
		{DB2820FB-5F49-472E-97D1-F5D208906479} = {DD9A4D5E-7401-4C0C-8D36-F36AF752C949}
		{9DC12649-4A95-4F06-B8F6-090672E7EC9B} = {DD9A4D5E-7401-4C0C-8D36-F36AF752C949}
		{F6C7FFF8-A8BD-4B14-AEDD-AEBED2BD3D3C} = {DD9A4D5E-7401-4C0C-8D36-F36AF752C949}
		{FEED3C81-20AF-4F9C-A7D5-EC583BB92F95} = {DD9A4D5E-7401-4C0C-8D36-F36AF752C949}
		{B7689528-1E7A-404E-A316-E81264BD500F} = {DD9A4D5E-7401-4C0C-8D36-F36AF752C949}
		{D03B04FB-DE60-498D-9158-375950F66F27} = {DD9A4D5E-7401-4C0C-8D36-F36AF752C949}
	EndGlobalSection
EndGlobal
