
Microsoft Visual Studio Solution File, Format Version 12.00
# Visual Studio Version 17
VisualStudioVersion = 17.0.31903.59
MinimumVisualStudioVersion = 10.0.40219.1
Project("{FAE04EC0-301F-11D3-BF4B-00C04F79EFBC}") = "TaxComplianceService.Api", "TaxComplianceService.Api\TaxComplianceService.Api.csproj", "{93F38DE6-E37B-43A2-A6DC-18DB1D4CB755}"
EndProject
Project("{FAE04EC0-301F-11D3-BF4B-00C04F79EFBC}") = "TaxComplianceService.Domain", "TaxComplianceService.Domain\TaxComplianceService.Domain.csproj", "{206D4697-7DFE-44F4-8A09-06A985CB92A7}"
EndProject
Project("{FAE04EC0-301F-11D3-BF4B-00C04F79EFBC}") = "TaxComplianceService.Tests", "TaxComplianceService.Tests\TaxComplianceService.Tests.csproj", "{1E2B5D99-A497-46F5-8DFF-C8D302D3B6EA}"
EndProject
Project("{FAE04EC0-301F-11D3-BF4B-00C04F79EFBC}") = "TaxComplianceService.Infrastructure", "TaxComplianceService.Infrastructure\TaxComplianceService.Infrastructure.csproj", "{904D20A4-C912-46C5-BD4A-26A74CBBAC06}"
EndProject
Project("{FAE04EC0-301F-11D3-BF4B-00C04F79EFBC}") = "TaxComplianceService.Application", "TaxComplianceService.Application\TaxComplianceService.Application.csproj", "{1EAF1D17-721D-4FA2-B556-D5F33086809C}"
EndProject
Global
	GlobalSection(SolutionConfigurationPlatforms) = preSolution
		Debug|Any CPU = Debug|Any CPU
		Release|Any CPU = Release|Any CPU
	EndGlobalSection
	GlobalSection(SolutionProperties) = preSolution
		HideSolutionNode = FALSE
	EndGlobalSection
	GlobalSection(ProjectConfigurationPlatforms) = postSolution
		{93F38DE6-E37B-43A2-A6DC-18DB1D4CB755}.Debug|Any CPU.ActiveCfg = Debug|Any CPU
		{93F38DE6-E37B-43A2-A6DC-18DB1D4CB755}.Debug|Any CPU.Build.0 = Debug|Any CPU
		{93F38DE6-E37B-43A2-A6DC-18DB1D4CB755}.Release|Any CPU.ActiveCfg = Release|Any CPU
		{93F38DE6-E37B-43A2-A6DC-18DB1D4CB755}.Release|Any CPU.Build.0 = Release|Any CPU
		{206D4697-7DFE-44F4-8A09-06A985CB92A7}.Debug|Any CPU.ActiveCfg = Debug|Any CPU
		{206D4697-7DFE-44F4-8A09-06A985CB92A7}.Debug|Any CPU.Build.0 = Debug|Any CPU
		{206D4697-7DFE-44F4-8A09-06A985CB92A7}.Release|Any CPU.ActiveCfg = Release|Any CPU
		{206D4697-7DFE-44F4-8A09-06A985CB92A7}.Release|Any CPU.Build.0 = Release|Any CPU
		{1E2B5D99-A497-46F5-8DFF-C8D302D3B6EA}.Debug|Any CPU.ActiveCfg = Debug|Any CPU
		{1E2B5D99-A497-46F5-8DFF-C8D302D3B6EA}.Debug|Any CPU.Build.0 = Debug|Any CPU
		{1E2B5D99-A497-46F5-8DFF-C8D302D3B6EA}.Release|Any CPU.ActiveCfg = Release|Any CPU
		{1E2B5D99-A497-46F5-8DFF-C8D302D3B6EA}.Release|Any CPU.Build.0 = Release|Any CPU
		{904D20A4-C912-46C5-BD4A-26A74CBBAC06}.Debug|Any CPU.ActiveCfg = Debug|Any CPU
		{904D20A4-C912-46C5-BD4A-26A74CBBAC06}.Debug|Any CPU.Build.0 = Debug|Any CPU
		{904D20A4-C912-46C5-BD4A-26A74CBBAC06}.Release|Any CPU.ActiveCfg = Release|Any CPU
		{904D20A4-C912-46C5-BD4A-26A74CBBAC06}.Release|Any CPU.Build.0 = Release|Any CPU
		{1EAF1D17-721D-4FA2-B556-D5F33086809C}.Debug|Any CPU.ActiveCfg = Debug|Any CPU
		{1EAF1D17-721D-4FA2-B556-D5F33086809C}.Debug|Any CPU.Build.0 = Debug|Any CPU
		{1EAF1D17-721D-4FA2-B556-D5F33086809C}.Release|Any CPU.ActiveCfg = Release|Any CPU
		{1EAF1D17-721D-4FA2-B556-D5F33086809C}.Release|Any CPU.Build.0 = Release|Any CPU
	EndGlobalSection
EndGlobal
