
Microsoft Visual Studio Solution File, Format Version 12.00
# Visual Studio Version 17
VisualStudioVersion = 17.0.31903.59
MinimumVisualStudioVersion = 10.0.40219.1
Project("{FAE04EC0-301F-11D3-BF4B-00C04F79EFBC}") = "PaymentService.Api", "PaymentService.Api\PaymentService.Api.csproj", "{7D5A3F41-A41C-4789-9417-56AD807016BA}"
EndProject
Project("{FAE04EC0-301F-11D3-BF4B-00C04F79EFBC}") = "PaymentService.Application", "PaymentService.Application\PaymentService.Application.csproj", "{063C24E8-49DF-44E4-A49F-8A1A6F2805C0}"
EndProject
Project("{FAE04EC0-301F-11D3-BF4B-00C04F79EFBC}") = "PaymentService.Domain", "PaymentService.Domain\PaymentService.Domain.csproj", "{CCE9DEBD-6CB7-464B-AB87-F41EBD43A5E3}"
EndProject
Project("{FAE04EC0-301F-11D3-BF4B-00C04F79EFBC}") = "PaymentService.Infrastructure", "PaymentService.Infrastructure\PaymentService.Infrastructure.csproj", "{D2C8F327-8694-417F-B7DE-F3ACF1737127}"
EndProject
Project("{FAE04EC0-301F-11D3-BF4B-00C04F79EFBC}") = "PaymentService.Tests", "PaymentService.Tests\PaymentService.Tests.csproj", "{D923B074-891F-461B-A577-F3135DA567DA}"
EndProject
Global
	GlobalSection(SolutionConfigurationPlatforms) = preSolution
		Debug|Any CPU = Debug|Any CPU
		Release|Any CPU = Release|Any CPU
	EndGlobalSection
	GlobalSection(SolutionProperties) = preSolution
		HideSolutionNode = FALSE
	EndGlobalSection
	GlobalSection(ProjectConfigurationPlatforms) = postSolution
		{7D5A3F41-A41C-4789-9417-56AD807016BA}.Debug|Any CPU.ActiveCfg = Debug|Any CPU
		{7D5A3F41-A41C-4789-9417-56AD807016BA}.Debug|Any CPU.Build.0 = Debug|Any CPU
		{7D5A3F41-A41C-4789-9417-56AD807016BA}.Release|Any CPU.ActiveCfg = Release|Any CPU
		{7D5A3F41-A41C-4789-9417-56AD807016BA}.Release|Any CPU.Build.0 = Release|Any CPU
		{063C24E8-49DF-44E4-A49F-8A1A6F2805C0}.Debug|Any CPU.ActiveCfg = Debug|Any CPU
		{063C24E8-49DF-44E4-A49F-8A1A6F2805C0}.Debug|Any CPU.Build.0 = Debug|Any CPU
		{063C24E8-49DF-44E4-A49F-8A1A6F2805C0}.Release|Any CPU.ActiveCfg = Release|Any CPU
		{063C24E8-49DF-44E4-A49F-8A1A6F2805C0}.Release|Any CPU.Build.0 = Release|Any CPU
		{CCE9DEBD-6CB7-464B-AB87-F41EBD43A5E3}.Debug|Any CPU.ActiveCfg = Debug|Any CPU
		{CCE9DEBD-6CB7-464B-AB87-F41EBD43A5E3}.Debug|Any CPU.Build.0 = Debug|Any CPU
		{CCE9DEBD-6CB7-464B-AB87-F41EBD43A5E3}.Release|Any CPU.ActiveCfg = Release|Any CPU
		{CCE9DEBD-6CB7-464B-AB87-F41EBD43A5E3}.Release|Any CPU.Build.0 = Release|Any CPU
		{D2C8F327-8694-417F-B7DE-F3ACF1737127}.Debug|Any CPU.ActiveCfg = Debug|Any CPU
		{D2C8F327-8694-417F-B7DE-F3ACF1737127}.Debug|Any CPU.Build.0 = Debug|Any CPU
		{D2C8F327-8694-417F-B7DE-F3ACF1737127}.Release|Any CPU.ActiveCfg = Release|Any CPU
		{D2C8F327-8694-417F-B7DE-F3ACF1737127}.Release|Any CPU.Build.0 = Release|Any CPU
		{D923B074-891F-461B-A577-F3135DA567DA}.Debug|Any CPU.ActiveCfg = Debug|Any CPU
		{D923B074-891F-461B-A577-F3135DA567DA}.Debug|Any CPU.Build.0 = Debug|Any CPU
		{D923B074-891F-461B-A577-F3135DA567DA}.Release|Any CPU.ActiveCfg = Release|Any CPU
		{D923B074-891F-461B-A577-F3135DA567DA}.Release|Any CPU.Build.0 = Release|Any CPU
	EndGlobalSection
EndGlobal
