
Microsoft Visual Studio Solution File, Format Version 12.00
# Visual Studio Version 17
VisualStudioVersion = 17.0.31903.59
MinimumVisualStudioVersion = 10.0.40219.1
Project("{FAE04EC0-301F-11D3-BF4B-00C04F79EFBC}") = "SchedulerService.Api", "SchedulerService.Api\SchedulerService.Api.csproj", "{7C1D9358-9956-487E-A2CE-3412CE6A3E4B}"
EndProject
Project("{FAE04EC0-301F-11D3-BF4B-00C04F79EFBC}") = "SchedulerService.Application", "SchedulerService.Application\SchedulerService.Application.csproj", "{4D1A2CD8-CADF-457A-AF90-63D9E1DA7351}"
EndProject
Project("{FAE04EC0-301F-11D3-BF4B-00C04F79EFBC}") = "SchedulerService.Domain", "SchedulerService.Domain\SchedulerService.Domain.csproj", "{48A22706-E586-4721-A1B8-9FF5E42D8DC7}"
EndProject
Project("{FAE04EC0-301F-11D3-BF4B-00C04F79EFBC}") = "SchedulerService.Infrastructure", "SchedulerService.Infrastructure\SchedulerService.Infrastructure.csproj", "{8C410684-EB85-4120-9BFB-0B59ECF6FD23}"
EndProject
Project("{FAE04EC0-301F-11D3-BF4B-00C04F79EFBC}") = "SchedulerService.Tests", "SchedulerService.Tests\SchedulerService.Tests.csproj", "{2BB8BE1B-1E4C-4956-A97E-4B7454F970E1}"
EndProject
Global
	GlobalSection(SolutionConfigurationPlatforms) = preSolution
		Debug|Any CPU = Debug|Any CPU
		Release|Any CPU = Release|Any CPU
	EndGlobalSection
	GlobalSection(SolutionProperties) = preSolution
		HideSolutionNode = FALSE
	EndGlobalSection
	GlobalSection(ProjectConfigurationPlatforms) = postSolution
		{7C1D9358-9956-487E-A2CE-3412CE6A3E4B}.Debug|Any CPU.ActiveCfg = Debug|Any CPU
		{7C1D9358-9956-487E-A2CE-3412CE6A3E4B}.Debug|Any CPU.Build.0 = Debug|Any CPU
		{7C1D9358-9956-487E-A2CE-3412CE6A3E4B}.Release|Any CPU.ActiveCfg = Release|Any CPU
		{7C1D9358-9956-487E-A2CE-3412CE6A3E4B}.Release|Any CPU.Build.0 = Release|Any CPU
		{4D1A2CD8-CADF-457A-AF90-63D9E1DA7351}.Debug|Any CPU.ActiveCfg = Debug|Any CPU
		{4D1A2CD8-CADF-457A-AF90-63D9E1DA7351}.Debug|Any CPU.Build.0 = Debug|Any CPU
		{4D1A2CD8-CADF-457A-AF90-63D9E1DA7351}.Release|Any CPU.ActiveCfg = Release|Any CPU
		{4D1A2CD8-CADF-457A-AF90-63D9E1DA7351}.Release|Any CPU.Build.0 = Release|Any CPU
		{48A22706-E586-4721-A1B8-9FF5E42D8DC7}.Debug|Any CPU.ActiveCfg = Debug|Any CPU
		{48A22706-E586-4721-A1B8-9FF5E42D8DC7}.Debug|Any CPU.Build.0 = Debug|Any CPU
		{48A22706-E586-4721-A1B8-9FF5E42D8DC7}.Release|Any CPU.ActiveCfg = Release|Any CPU
		{48A22706-E586-4721-A1B8-9FF5E42D8DC7}.Release|Any CPU.Build.0 = Release|Any CPU
		{8C410684-EB85-4120-9BFB-0B59ECF6FD23}.Debug|Any CPU.ActiveCfg = Debug|Any CPU
		{8C410684-EB85-4120-9BFB-0B59ECF6FD23}.Debug|Any CPU.Build.0 = Debug|Any CPU
		{8C410684-EB85-4120-9BFB-0B59ECF6FD23}.Release|Any CPU.ActiveCfg = Release|Any CPU
		{8C410684-EB85-4120-9BFB-0B59ECF6FD23}.Release|Any CPU.Build.0 = Release|Any CPU
		{2BB8BE1B-1E4C-4956-A97E-4B7454F970E1}.Debug|Any CPU.ActiveCfg = Debug|Any CPU
		{2BB8BE1B-1E4C-4956-A97E-4B7454F970E1}.Debug|Any CPU.Build.0 = Debug|Any CPU
		{2BB8BE1B-1E4C-4956-A97E-4B7454F970E1}.Release|Any CPU.ActiveCfg = Release|Any CPU
		{2BB8BE1B-1E4C-4956-A97E-4B7454F970E1}.Release|Any CPU.Build.0 = Release|Any CPU
	EndGlobalSection
EndGlobal
