
Microsoft Visual Studio Solution File, Format Version 12.00
# Visual Studio Version 17
VisualStudioVersion = 17.0.31903.59
MinimumVisualStudioVersion = 10.0.40219.1
Project("{FAE04EC0-301F-11D3-BF4B-00C04F79EFBC}") = "MaintenanceService.Api", "MaintenanceService.Api\MaintenanceService.Api.csproj", "{5A1101B6-924E-4F6E-A67D-D9726FD62D97}"
EndProject
Project("{FAE04EC0-301F-11D3-BF4B-00C04F79EFBC}") = "MaintenanceService.Domain", "MaintenanceService.Domain\MaintenanceService.Domain.csproj", "{26BFA099-D1AD-420E-9EA5-FB39E8F2F09E}"
EndProject
Project("{FAE04EC0-301F-11D3-BF4B-00C04F79EFBC}") = "MaintenanceService.Infrastructure", "MaintenanceService.Infrastructure\MaintenanceService.Infrastructure.csproj", "{00D62F2F-9CB4-4AA9-A893-4FC4980BB0E2}"
EndProject
Project("{FAE04EC0-301F-11D3-BF4B-00C04F79EFBC}") = "MaintenanceService.Tests", "MaintenanceService.Tests\MaintenanceService.Tests.csproj", "{87EDB5AD-4489-4351-BEF0-2015A317E3DB}"
EndProject
Global
	GlobalSection(SolutionConfigurationPlatforms) = preSolution
		Debug|Any CPU = Debug|Any CPU
		Release|Any CPU = Release|Any CPU
	EndGlobalSection
	GlobalSection(SolutionProperties) = preSolution
		HideSolutionNode = FALSE
	EndGlobalSection
	GlobalSection(ProjectConfigurationPlatforms) = postSolution
		{5A1101B6-924E-4F6E-A67D-D9726FD62D97}.Debug|Any CPU.ActiveCfg = Debug|Any CPU
		{5A1101B6-924E-4F6E-A67D-D9726FD62D97}.Debug|Any CPU.Build.0 = Debug|Any CPU
		{5A1101B6-924E-4F6E-A67D-D9726FD62D97}.Release|Any CPU.ActiveCfg = Release|Any CPU
		{5A1101B6-924E-4F6E-A67D-D9726FD62D97}.Release|Any CPU.Build.0 = Release|Any CPU
		{26BFA099-D1AD-420E-9EA5-FB39E8F2F09E}.Debug|Any CPU.ActiveCfg = Debug|Any CPU
		{26BFA099-D1AD-420E-9EA5-FB39E8F2F09E}.Debug|Any CPU.Build.0 = Debug|Any CPU
		{26BFA099-D1AD-420E-9EA5-FB39E8F2F09E}.Release|Any CPU.ActiveCfg = Release|Any CPU
		{26BFA099-D1AD-420E-9EA5-FB39E8F2F09E}.Release|Any CPU.Build.0 = Release|Any CPU
		{00D62F2F-9CB4-4AA9-A893-4FC4980BB0E2}.Debug|Any CPU.ActiveCfg = Debug|Any CPU
		{00D62F2F-9CB4-4AA9-A893-4FC4980BB0E2}.Debug|Any CPU.Build.0 = Debug|Any CPU
		{00D62F2F-9CB4-4AA9-A893-4FC4980BB0E2}.Release|Any CPU.ActiveCfg = Release|Any CPU
		{00D62F2F-9CB4-4AA9-A893-4FC4980BB0E2}.Release|Any CPU.Build.0 = Release|Any CPU
		{87EDB5AD-4489-4351-BEF0-2015A317E3DB}.Debug|Any CPU.ActiveCfg = Debug|Any CPU
		{87EDB5AD-4489-4351-BEF0-2015A317E3DB}.Debug|Any CPU.Build.0 = Debug|Any CPU
		{87EDB5AD-4489-4351-BEF0-2015A317E3DB}.Release|Any CPU.ActiveCfg = Release|Any CPU
		{87EDB5AD-4489-4351-BEF0-2015A317E3DB}.Release|Any CPU.Build.0 = Release|Any CPU
	EndGlobalSection
EndGlobal
