
Microsoft Visual Studio Solution File, Format Version 12.00
# Visual Studio Version 17
VisualStudioVersion = 17.0.31903.59
MinimumVisualStudioVersion = 10.0.40219.1
Project("{FAE04EC0-301F-11D3-BF4B-00C04F79EFBC}") = "LeadScoringService.Api", "LeadScoringService.Api\LeadScoringService.Api.csproj", "{7A728053-E996-429F-9326-D620E18CB68E}"
EndProject
Project("{FAE04EC0-301F-11D3-BF4B-00C04F79EFBC}") = "LeadScoringService.Application", "LeadScoringService.Application\LeadScoringService.Application.csproj", "{E4CF760F-5E16-4A8B-939C-F935241D4B51}"
EndProject
Project("{FAE04EC0-301F-11D3-BF4B-00C04F79EFBC}") = "LeadScoringService.Domain", "LeadScoringService.Domain\LeadScoringService.Domain.csproj", "{A7125F0B-46A1-4C2F-AAB5-09DCBD9BB111}"
EndProject
Project("{FAE04EC0-301F-11D3-BF4B-00C04F79EFBC}") = "LeadScoringService.Infrastructure", "LeadScoringService.Infrastructure\LeadScoringService.Infrastructure.csproj", "{4544D860-F5AB-4C04-8E74-F71525C3D2FC}"
EndProject
Global
	GlobalSection(SolutionConfigurationPlatforms) = preSolution
		Debug|Any CPU = Debug|Any CPU
		Release|Any CPU = Release|Any CPU
	EndGlobalSection
	GlobalSection(SolutionProperties) = preSolution
		HideSolutionNode = FALSE
	EndGlobalSection
	GlobalSection(ProjectConfigurationPlatforms) = postSolution
		{7A728053-E996-429F-9326-D620E18CB68E}.Debug|Any CPU.ActiveCfg = Debug|Any CPU
		{7A728053-E996-429F-9326-D620E18CB68E}.Debug|Any CPU.Build.0 = Debug|Any CPU
		{7A728053-E996-429F-9326-D620E18CB68E}.Release|Any CPU.ActiveCfg = Release|Any CPU
		{7A728053-E996-429F-9326-D620E18CB68E}.Release|Any CPU.Build.0 = Release|Any CPU
		{E4CF760F-5E16-4A8B-939C-F935241D4B51}.Debug|Any CPU.ActiveCfg = Debug|Any CPU
		{E4CF760F-5E16-4A8B-939C-F935241D4B51}.Debug|Any CPU.Build.0 = Debug|Any CPU
		{E4CF760F-5E16-4A8B-939C-F935241D4B51}.Release|Any CPU.ActiveCfg = Release|Any CPU
		{E4CF760F-5E16-4A8B-939C-F935241D4B51}.Release|Any CPU.Build.0 = Release|Any CPU
		{A7125F0B-46A1-4C2F-AAB5-09DCBD9BB111}.Debug|Any CPU.ActiveCfg = Debug|Any CPU
		{A7125F0B-46A1-4C2F-AAB5-09DCBD9BB111}.Debug|Any CPU.Build.0 = Debug|Any CPU
		{A7125F0B-46A1-4C2F-AAB5-09DCBD9BB111}.Release|Any CPU.ActiveCfg = Release|Any CPU
		{A7125F0B-46A1-4C2F-AAB5-09DCBD9BB111}.Release|Any CPU.Build.0 = Release|Any CPU
		{4544D860-F5AB-4C04-8E74-F71525C3D2FC}.Debug|Any CPU.ActiveCfg = Debug|Any CPU
		{4544D860-F5AB-4C04-8E74-F71525C3D2FC}.Debug|Any CPU.Build.0 = Debug|Any CPU
		{4544D860-F5AB-4C04-8E74-F71525C3D2FC}.Release|Any CPU.ActiveCfg = Release|Any CPU
		{4544D860-F5AB-4C04-8E74-F71525C3D2FC}.Release|Any CPU.Build.0 = Release|Any CPU
	EndGlobalSection
EndGlobal
