
Microsoft Visual Studio Solution File, Format Version 12.00
# Visual Studio Version 17
VisualStudioVersion = 17.0.31903.59
MinimumVisualStudioVersion = 10.0.40219.1
Project("{FAE04EC0-301F-11D3-BF4B-00C04F79EFBC}") = "AlertService.Api", "AlertService.Api\AlertService.Api.csproj", "{61FB93A2-E17E-4519-90FD-98B663801BEE}"
EndProject
Project("{FAE04EC0-301F-11D3-BF4B-00C04F79EFBC}") = "AlertService.Domain", "AlertService.Domain\AlertService.Domain.csproj", "{AB7DC448-5A36-4F00-8234-41225DC05261}"
EndProject
Project("{FAE04EC0-301F-11D3-BF4B-00C04F79EFBC}") = "AlertService.Infrastructure", "AlertService.Infrastructure\AlertService.Infrastructure.csproj", "{8E6E3315-268B-41B8-B873-C96DD3AC8316}"
EndProject
Project("{FAE04EC0-301F-11D3-BF4B-00C04F79EFBC}") = "AlertService.Tests", "AlertService.Tests\AlertService.Tests.csproj", "{CC6C5DDB-271A-4CD3-8608-2263FCAECDEB}"
EndProject
Global
	GlobalSection(SolutionConfigurationPlatforms) = preSolution
		Debug|Any CPU = Debug|Any CPU
		Release|Any CPU = Release|Any CPU
	EndGlobalSection
	GlobalSection(SolutionProperties) = preSolution
		HideSolutionNode = FALSE
	EndGlobalSection
	GlobalSection(ProjectConfigurationPlatforms) = postSolution
		{61FB93A2-E17E-4519-90FD-98B663801BEE}.Debug|Any CPU.ActiveCfg = Debug|Any CPU
		{61FB93A2-E17E-4519-90FD-98B663801BEE}.Debug|Any CPU.Build.0 = Debug|Any CPU
		{61FB93A2-E17E-4519-90FD-98B663801BEE}.Release|Any CPU.ActiveCfg = Release|Any CPU
		{61FB93A2-E17E-4519-90FD-98B663801BEE}.Release|Any CPU.Build.0 = Release|Any CPU
		{AB7DC448-5A36-4F00-8234-41225DC05261}.Debug|Any CPU.ActiveCfg = Debug|Any CPU
		{AB7DC448-5A36-4F00-8234-41225DC05261}.Debug|Any CPU.Build.0 = Debug|Any CPU
		{AB7DC448-5A36-4F00-8234-41225DC05261}.Release|Any CPU.ActiveCfg = Release|Any CPU
		{AB7DC448-5A36-4F00-8234-41225DC05261}.Release|Any CPU.Build.0 = Release|Any CPU
		{8E6E3315-268B-41B8-B873-C96DD3AC8316}.Debug|Any CPU.ActiveCfg = Debug|Any CPU
		{8E6E3315-268B-41B8-B873-C96DD3AC8316}.Debug|Any CPU.Build.0 = Debug|Any CPU
		{8E6E3315-268B-41B8-B873-C96DD3AC8316}.Release|Any CPU.ActiveCfg = Release|Any CPU
		{8E6E3315-268B-41B8-B873-C96DD3AC8316}.Release|Any CPU.Build.0 = Release|Any CPU
		{CC6C5DDB-271A-4CD3-8608-2263FCAECDEB}.Debug|Any CPU.ActiveCfg = Debug|Any CPU
		{CC6C5DDB-271A-4CD3-8608-2263FCAECDEB}.Debug|Any CPU.Build.0 = Debug|Any CPU
		{CC6C5DDB-271A-4CD3-8608-2263FCAECDEB}.Release|Any CPU.ActiveCfg = Release|Any CPU
		{CC6C5DDB-271A-4CD3-8608-2263FCAECDEB}.Release|Any CPU.Build.0 = Release|Any CPU
	EndGlobalSection
EndGlobal
