
Microsoft Visual Studio Solution File, Format Version 12.00
# Visual Studio Version 17
VisualStudioVersion = 17.0.31903.59
MinimumVisualStudioVersion = 10.0.40219.1
Project("{FAE04EC0-301F-11D3-BF4B-00C04F79EFBC}") = "VehiclesRentService.Domain", "VehiclesRentService.Domain/VehiclesRentService.Domain.csproj", "{14B86CE6-22AE-429C-B732-31ABCF3BA080}"
EndProject
Project("{FAE04EC0-301F-11D3-BF4B-00C04F79EFBC}") = "VehiclesRentService.Application", "VehiclesRentService.Application/VehiclesRentService.Application.csproj", "{89EBF302-32EF-4C52-9CB6-B4852735E7CF}"
EndProject
Project("{FAE04EC0-301F-11D3-BF4B-00C04F79EFBC}") = "VehiclesRentService.Infrastructure", "VehiclesRentService.Infrastructure/VehiclesRentService.Infrastructure.csproj", "{71ED67CC-436E-4030-9999-965B0CF2F9F7}"
EndProject
Project("{FAE04EC0-301F-11D3-BF4B-00C04F79EFBC}") = "VehiclesRentService.Api", "VehiclesRentService.Api/VehiclesRentService.Api.csproj", "{37C05632-18ED-4CC2-A1FD-9772DD201FE4}"
EndProject
Project("{FAE04EC0-301F-11D3-BF4B-00C04F79EFBC}") = "VehiclesRentService.Shared", "VehiclesRentService.Shared/VehiclesRentService.Shared.csproj", "{F0966349-3CB4-4EC1-8023-A27D1D9C7366}"
EndProject
Project("{FAE04EC0-301F-11D3-BF4B-00C04F79EFBC}") = "VehiclesRentService.Tests", "VehiclesRentService.Tests/VehiclesRentService.Tests.csproj", "{E9EC57D7-2231-464F-BF30-2E46F24DAD32}"
EndProject
Global
	GlobalSection(SolutionConfigurationPlatforms) = preSolution
		Debug|Any CPU = Debug|Any CPU
		Release|Any CPU = Release|Any CPU
	EndGlobalSection
	GlobalSection(SolutionProperties) = preSolution
		HideSolutionNode = FALSE
	EndGlobalSection
	GlobalSection(ProjectConfigurationPlatforms) = postSolution
		{14B86CE6-22AE-429C-B732-31ABCF3BA080}.Debug|Any CPU.ActiveCfg = Debug|Any CPU
		{14B86CE6-22AE-429C-B732-31ABCF3BA080}.Debug|Any CPU.Build.0 = Debug|Any CPU
		{14B86CE6-22AE-429C-B732-31ABCF3BA080}.Release|Any CPU.ActiveCfg = Release|Any CPU
		{14B86CE6-22AE-429C-B732-31ABCF3BA080}.Release|Any CPU.Build.0 = Release|Any CPU
		{89EBF302-32EF-4C52-9CB6-B4852735E7CF}.Debug|Any CPU.ActiveCfg = Debug|Any CPU
		{89EBF302-32EF-4C52-9CB6-B4852735E7CF}.Debug|Any CPU.Build.0 = Debug|Any CPU
		{89EBF302-32EF-4C52-9CB6-B4852735E7CF}.Release|Any CPU.ActiveCfg = Release|Any CPU
		{89EBF302-32EF-4C52-9CB6-B4852735E7CF}.Release|Any CPU.Build.0 = Release|Any CPU
		{71ED67CC-436E-4030-9999-965B0CF2F9F7}.Debug|Any CPU.ActiveCfg = Debug|Any CPU
		{71ED67CC-436E-4030-9999-965B0CF2F9F7}.Debug|Any CPU.Build.0 = Debug|Any CPU
		{71ED67CC-436E-4030-9999-965B0CF2F9F7}.Release|Any CPU.ActiveCfg = Release|Any CPU
		{71ED67CC-436E-4030-9999-965B0CF2F9F7}.Release|Any CPU.Build.0 = Release|Any CPU
		{37C05632-18ED-4CC2-A1FD-9772DD201FE4}.Debug|Any CPU.ActiveCfg = Debug|Any CPU
		{37C05632-18ED-4CC2-A1FD-9772DD201FE4}.Debug|Any CPU.Build.0 = Debug|Any CPU
		{37C05632-18ED-4CC2-A1FD-9772DD201FE4}.Release|Any CPU.ActiveCfg = Release|Any CPU
		{37C05632-18ED-4CC2-A1FD-9772DD201FE4}.Release|Any CPU.Build.0 = Release|Any CPU
		{F0966349-3CB4-4EC1-8023-A27D1D9C7366}.Debug|Any CPU.ActiveCfg = Debug|Any CPU
		{F0966349-3CB4-4EC1-8023-A27D1D9C7366}.Debug|Any CPU.Build.0 = Debug|Any CPU
		{F0966349-3CB4-4EC1-8023-A27D1D9C7366}.Release|Any CPU.ActiveCfg = Release|Any CPU
		{F0966349-3CB4-4EC1-8023-A27D1D9C7366}.Release|Any CPU.Build.0 = Release|Any CPU
		{E9EC57D7-2231-464F-BF30-2E46F24DAD32}.Debug|Any CPU.ActiveCfg = Debug|Any CPU
		{E9EC57D7-2231-464F-BF30-2E46F24DAD32}.Debug|Any CPU.Build.0 = Debug|Any CPU
		{E9EC57D7-2231-464F-BF30-2E46F24DAD32}.Release|Any CPU.ActiveCfg = Release|Any CPU
		{E9EC57D7-2231-464F-BF30-2E46F24DAD32}.Release|Any CPU.Build.0 = Release|Any CPU
	EndGlobalSection
EndGlobal
