
Microsoft Visual Studio Solution File, Format Version 12.00
# Visual Studio Version 17
VisualStudioVersion = 17.0.31903.59
MinimumVisualStudioVersion = 10.0.40219.1
Project("{FAE04EC0-301F-11D3-BF4B-00C04F79EFBC}") = "AdminService.Api", "AdminService.Api\AdminService.Api.csproj", "{BAC2DC74-F211-411E-BDC7-ECA03FC87030}"
EndProject
Project("{FAE04EC0-301F-11D3-BF4B-00C04F79EFBC}") = "AdminService.Application", "AdminService.Application\AdminService.Application.csproj", "{CF97D569-49DA-4503-AD85-F490A66406CA}"
EndProject
Project("{FAE04EC0-301F-11D3-BF4B-00C04F79EFBC}") = "AdminService.Domain", "AdminService.Domain\AdminService.Domain.csproj", "{FBC44640-50CB-417E-A2C9-62244F876416}"
EndProject
Project("{FAE04EC0-301F-11D3-BF4B-00C04F79EFBC}") = "AdminService.Infrastructure", "AdminService.Infrastructure\AdminService.Infrastructure.csproj", "{F9C48A90-EDB7-43AA-A456-C58EACCB32FF}"
EndProject
Project("{FAE04EC0-301F-11D3-BF4B-00C04F79EFBC}") = "AdminService.Shared", "AdminService.Shared\AdminService.Shared.csproj", "{45E039F4-9BF7-4FDC-8DDF-84E08CB26D9A}"
EndProject
Global
	GlobalSection(SolutionConfigurationPlatforms) = preSolution
		Debug|Any CPU = Debug|Any CPU
		Release|Any CPU = Release|Any CPU
	EndGlobalSection
	GlobalSection(SolutionProperties) = preSolution
		HideSolutionNode = FALSE
	EndGlobalSection
	GlobalSection(ProjectConfigurationPlatforms) = postSolution
		{BAC2DC74-F211-411E-BDC7-ECA03FC87030}.Debug|Any CPU.ActiveCfg = Debug|Any CPU
		{BAC2DC74-F211-411E-BDC7-ECA03FC87030}.Debug|Any CPU.Build.0 = Debug|Any CPU
		{BAC2DC74-F211-411E-BDC7-ECA03FC87030}.Release|Any CPU.ActiveCfg = Release|Any CPU
		{BAC2DC74-F211-411E-BDC7-ECA03FC87030}.Release|Any CPU.Build.0 = Release|Any CPU
		{CF97D569-49DA-4503-AD85-F490A66406CA}.Debug|Any CPU.ActiveCfg = Debug|Any CPU
		{CF97D569-49DA-4503-AD85-F490A66406CA}.Debug|Any CPU.Build.0 = Debug|Any CPU
		{CF97D569-49DA-4503-AD85-F490A66406CA}.Release|Any CPU.ActiveCfg = Release|Any CPU
		{CF97D569-49DA-4503-AD85-F490A66406CA}.Release|Any CPU.Build.0 = Release|Any CPU
		{FBC44640-50CB-417E-A2C9-62244F876416}.Debug|Any CPU.ActiveCfg = Debug|Any CPU
		{FBC44640-50CB-417E-A2C9-62244F876416}.Debug|Any CPU.Build.0 = Debug|Any CPU
		{FBC44640-50CB-417E-A2C9-62244F876416}.Release|Any CPU.ActiveCfg = Release|Any CPU
		{FBC44640-50CB-417E-A2C9-62244F876416}.Release|Any CPU.Build.0 = Release|Any CPU
		{F9C48A90-EDB7-43AA-A456-C58EACCB32FF}.Debug|Any CPU.ActiveCfg = Debug|Any CPU
		{F9C48A90-EDB7-43AA-A456-C58EACCB32FF}.Debug|Any CPU.Build.0 = Debug|Any CPU
		{F9C48A90-EDB7-43AA-A456-C58EACCB32FF}.Release|Any CPU.ActiveCfg = Release|Any CPU
		{F9C48A90-EDB7-43AA-A456-C58EACCB32FF}.Release|Any CPU.Build.0 = Release|Any CPU
		{45E039F4-9BF7-4FDC-8DDF-84E08CB26D9A}.Debug|Any CPU.ActiveCfg = Debug|Any CPU
		{45E039F4-9BF7-4FDC-8DDF-84E08CB26D9A}.Debug|Any CPU.Build.0 = Debug|Any CPU
		{45E039F4-9BF7-4FDC-8DDF-84E08CB26D9A}.Release|Any CPU.ActiveCfg = Release|Any CPU
		{45E039F4-9BF7-4FDC-8DDF-84E08CB26D9A}.Release|Any CPU.Build.0 = Release|Any CPU
	EndGlobalSection
EndGlobal
